
Microsoft Visual Studio Solution File, Format Version 12.00
Project("{FAE04EC0-301F-11D3-BF4B-00C04F79EFBC}") = "LocalizationGenerator", "LocalizationGenerator\LocalizationGenerator.csproj", "{D0999C34-42AB-4C78-A639-A6C673833345}"
EndProject
Project("{2150E333-8FDC-42A3-9474-1A3956D46DE8}") = "Solution Items", "Solution Items", "{56D94DF0-A015-4A95-97AC-E6CE5B8E1893}"
	ProjectSection(SolutionItems) = preProject
		Readme.md = Readme.md
	EndProjectSection
EndProject
Global
	GlobalSection(SolutionConfigurationPlatforms) = preSolution
		Debug|Any CPU = Debug|Any CPU
		Release|Any CPU = Release|Any CPU
	EndGlobalSection
	GlobalSection(ProjectConfigurationPlatforms) = postSolution
		{D0999C34-42AB-4C78-A639-A6C673833345}.Debug|Any CPU.ActiveCfg = Debug|Any CPU
		{D0999C34-42AB-4C78-A639-A6C673833345}.Debug|Any CPU.Build.0 = Debug|Any CPU
		{D0999C34-42AB-4C78-A639-A6C673833345}.Release|Any CPU.ActiveCfg = Release|Any CPU
		{D0999C34-42AB-4C78-A639-A6C673833345}.Release|Any CPU.Build.0 = Release|Any CPU
	EndGlobalSection
EndGlobal
